// !$*UTF8*$!
{
	archiveVersion = 1;
	classes = {
	};
	objectVersion = 56;
	objects = {

/* Begin PBXBuildFile section */
		011FD5F729DB9CE0005AE2F2 /* PersistenceLayer.swift in Sources */ = {isa = PBXBuildFile; fileRef = 011FD5F629DB9CE0005AE2F2 /* PersistenceLayer.swift */; };
		011FD5FE29DBA023005AE2F2 /* AddHabitViewController.swift in Sources */ = {isa = PBXBuildFile; fileRef = 011FD5FC29DBA023005AE2F2 /* AddHabitViewController.swift */; };
		011FD5FF29DBA023005AE2F2 /* AddHabitViewController.xib in Resources */ = {isa = PBXBuildFile; fileRef = 011FD5FD29DBA023005AE2F2 /* AddHabitViewController.xib */; };
		011FD60229DBA456005AE2F2 /* HabitImageCollectionViewCell.swift in Sources */ = {isa = PBXBuildFile; fileRef = 011FD60029DBA456005AE2F2 /* HabitImageCollectionViewCell.swift */; };
		011FD60329DBA456005AE2F2 /* HabitImageCollectionViewCell.xib in Resources */ = {isa = PBXBuildFile; fileRef = 011FD60129DBA456005AE2F2 /* HabitImageCollectionViewCell.xib */; };
		012955E729C9247C001E73E7 /* AppDelegate.swift in Sources */ = {isa = PBXBuildFile; fileRef = 012955E629C9247C001E73E7 /* AppDelegate.swift */; };
		012955E929C9247C001E73E7 /* SceneDelegate.swift in Sources */ = {isa = PBXBuildFile; fileRef = 012955E829C9247C001E73E7 /* SceneDelegate.swift */; };
		012955F029C9247F001E73E7 /* Assets.xcassets in Resources */ = {isa = PBXBuildFile; fileRef = 012955EF29C9247F001E73E7 /* Assets.xcassets */; };
		012955F329C9247F001E73E7 /* LaunchScreen.storyboard in Resources */ = {isa = PBXBuildFile; fileRef = 012955F129C9247F001E73E7 /* LaunchScreen.storyboard */; };
		0173CF8429D4FFE20018BA01 /* HabitTableViewCell.swift in Sources */ = {isa = PBXBuildFile; fileRef = 0173CF8229D4FFE20018BA01 /* HabitTableViewCell.swift */; };
		0173CF8529D4FFE20018BA01 /* HabitTableViewCell.xib in Resources */ = {isa = PBXBuildFile; fileRef = 0173CF8329D4FFE20018BA01 /* HabitTableViewCell.xib */; };
		0188D2F429EE0A4F006636E3 /* HabitDetailViewController.swift in Sources */ = {isa = PBXBuildFile; fileRef = 0188D2F229EE0A4E006636E3 /* HabitDetailViewController.swift */; };
		0188D2F529EE0A4F006636E3 /* HabitDetailViewController.xib in Resources */ = {isa = PBXBuildFile; fileRef = 0188D2F329EE0A4E006636E3 /* HabitDetailViewController.xib */; };
		01A5550B29C92D0200C7772B /* HabitsTableViewController.swift in Sources */ = {isa = PBXBuildFile; fileRef = 01A5550929C92D0100C7772B /* HabitsTableViewController.swift */; };
		01A5550C29C92D0200C7772B /* HabitsTableViewController.xib in Resources */ = {isa = PBXBuildFile; fileRef = 01A5550A29C92D0100C7772B /* HabitsTableViewController.xib */; };
		01B8A24129C9275100D4B7DF /* UIViewControllerExtensions.swift in Sources */ = {isa = PBXBuildFile; fileRef = 01B8A24029C9275100D4B7DF /* UIViewControllerExtensions.swift */; };
		01C156D329CBCA5C00AA38F5 /* Habit.swift in Sources */ = {isa = PBXBuildFile; fileRef = 01C156D229CBCA5C00AA38F5 /* Habit.swift */; };
		01C156D529CBD29E00AA38F5 /* DateExtensions.swift in Sources */ = {isa = PBXBuildFile; fileRef = 01C156D429CBD29E00AA38F5 /* DateExtensions.swift */; };
		01FB67E929E4D4A200273706 /* ConfirmHabitViewController.swift in Sources */ = {isa = PBXBuildFile; fileRef = 01FB67E729E4D4A200273706 /* ConfirmHabitViewController.swift */; };
		01FB67EA29E4D4A200273706 /* ConfirmHabitViewController.xib in Resources */ = {isa = PBXBuildFile; fileRef = 01FB67E829E4D4A200273706 /* ConfirmHabitViewController.xib */; };
/* End PBXBuildFile section */

/* Begin PBXFileReference section */
		011FD5F629DB9CE0005AE2F2 /* PersistenceLayer.swift */ = {isa = PBXFileReference; lastKnownFileType = sourcecode.swift; path = PersistenceLayer.swift; sourceTree = "<group>"; };
		011FD5FC29DBA023005AE2F2 /* AddHabitViewController.swift */ = {isa = PBXFileReference; lastKnownFileType = sourcecode.swift; name = AddHabitViewController.swift; path = Habitual/AddHabitViewController.swift; sourceTree = SOURCE_ROOT; };
		011FD5FD29DBA023005AE2F2 /* AddHabitViewController.xib */ = {isa = PBXFileReference; lastKnownFileType = file.xib; name = AddHabitViewController.xib; path = Habitual/AddHabitViewController.xib; sourceTree = SOURCE_ROOT; };
		011FD60029DBA456005AE2F2 /* HabitImageCollectionViewCell.swift */ = {isa = PBXFileReference; lastKnownFileType = sourcecode.swift; path = HabitImageCollectionViewCell.swift; sourceTree = "<group>"; };
		011FD60129DBA456005AE2F2 /* HabitImageCollectionViewCell.xib */ = {isa = PBXFileReference; lastKnownFileType = file.xib; path = HabitImageCollectionViewCell.xib; sourceTree = "<group>"; };
		012955E329C9247C001E73E7 /* Habitual.app */ = {isa = PBXFileReference; explicitFileType = wrapper.application; includeInIndex = 0; path = Habitual.app; sourceTree = BUILT_PRODUCTS_DIR; };
		012955E629C9247C001E73E7 /* AppDelegate.swift */ = {isa = PBXFileReference; lastKnownFileType = sourcecode.swift; path = AppDelegate.swift; sourceTree = "<group>"; };
		012955E829C9247C001E73E7 /* SceneDelegate.swift */ = {isa = PBXFileReference; lastKnownFileType = sourcecode.swift; path = SceneDelegate.swift; sourceTree = "<group>"; };
		012955EF29C9247F001E73E7 /* Assets.xcassets */ = {isa = PBXFileReference; lastKnownFileType = folder.assetcatalog; path = Assets.xcassets; sourceTree = "<group>"; };
		012955F229C9247F001E73E7 /* Base */ = {isa = PBXFileReference; lastKnownFileType = file.storyboard; name = Base; path = Base.lproj/LaunchScreen.storyboard; sourceTree = "<group>"; };
		012955F429C9247F001E73E7 /* Info.plist */ = {isa = PBXFileReference; lastKnownFileType = text.plist.xml; path = Info.plist; sourceTree = "<group>"; };
		0173CF8229D4FFE20018BA01 /* HabitTableViewCell.swift */ = {isa = PBXFileReference; lastKnownFileType = sourcecode.swift; name = HabitTableViewCell.swift; path = Habitual/HabitTableViewCell.swift; sourceTree = SOURCE_ROOT; };
		0173CF8329D4FFE20018BA01 /* HabitTableViewCell.xib */ = {isa = PBXFileReference; lastKnownFileType = file.xib; name = HabitTableViewCell.xib; path = Habitual/HabitTableViewCell.xib; sourceTree = SOURCE_ROOT; };
		0188D2F229EE0A4E006636E3 /* HabitDetailViewController.swift */ = {isa = PBXFileReference; lastKnownFileType = sourcecode.swift; path = HabitDetailViewController.swift; sourceTree = "<group>"; };
		0188D2F329EE0A4E006636E3 /* HabitDetailViewController.xib */ = {isa = PBXFileReference; lastKnownFileType = file.xib; path = HabitDetailViewController.xib; sourceTree = "<group>"; };
		01A5550929C92D0100C7772B /* HabitsTableViewController.swift */ = {isa = PBXFileReference; lastKnownFileType = sourcecode.swift; name = HabitsTableViewController.swift; path = View/HabitsTableViewController.swift; sourceTree = SOURCE_ROOT; };
		01A5550A29C92D0100C7772B /* HabitsTableViewController.xib */ = {isa = PBXFileReference; lastKnownFileType = file.xib; path = HabitsTableViewController.xib; sourceTree = "<group>"; };
		01B8A24029C9275100D4B7DF /* UIViewControllerExtensions.swift */ = {isa = PBXFileReference; lastKnownFileType = sourcecode.swift; path = UIViewControllerExtensions.swift; sourceTree = SOURCE_ROOT; };
		01C156D229CBCA5C00AA38F5 /* Habit.swift */ = {isa = PBXFileReference; lastKnownFileType = sourcecode.swift; path = Habit.swift; sourceTree = SOURCE_ROOT; };
		01C156D429CBD29E00AA38F5 /* DateExtensions.swift */ = {isa = PBXFileReference; lastKnownFileType = sourcecode.swift; path = DateExtensions.swift; sourceTree = "<group>"; };
		01FB67E729E4D4A200273706 /* ConfirmHabitViewController.swift */ = {isa = PBXFileReference; lastKnownFileType = sourcecode.swift; path = ConfirmHabitViewController.swift; sourceTree = "<group>"; };
		01FB67E829E4D4A200273706 /* ConfirmHabitViewController.xib */ = {isa = PBXFileReference; lastKnownFileType = file.xib; path = ConfirmHabitViewController.xib; sourceTree = "<group>"; };
/* End PBXFileReference section */

/* Begin PBXFrameworksBuildPhase section */
		012955E029C9247C001E73E7 /* Frameworks */ = {
			isa = PBXFrameworksBuildPhase;
			buildActionMask = 2147483647;
			files = (
			);
			runOnlyForDeploymentPostprocessing = 0;
		};
/* End PBXFrameworksBuildPhase section */

/* Begin PBXGroup section */
		012955DA29C9247C001E73E7 = {
			isa = PBXGroup;
			children = (
				012955E529C9247C001E73E7 /* Habitual */,
				012955E429C9247C001E73E7 /* Products */,
			);
			sourceTree = "<group>";
		};
		012955E429C9247C001E73E7 /* Products */ = {
			isa = PBXGroup;
			children = (
				012955E329C9247C001E73E7 /* Habitual.app */,
			);
			name = Products;
			sourceTree = "<group>";
		};
		012955E529C9247C001E73E7 /* Habitual */ = {
			isa = PBXGroup;
			children = (
				01C156D229CBCA5C00AA38F5 /* Habit.swift */,
				011FD5F629DB9CE0005AE2F2 /* PersistenceLayer.swift */,
				01C156D429CBD29E00AA38F5 /* DateExtensions.swift */,
				01B8A24029C9275100D4B7DF /* UIViewControllerExtensions.swift */,
				012955E629C9247C001E73E7 /* AppDelegate.swift */,
				012955E829C9247C001E73E7 /* SceneDelegate.swift */,
				01B8A23F29C926C200D4B7DF /* View */,
				012955EF29C9247F001E73E7 /* Assets.xcassets */,
				012955F129C9247F001E73E7 /* LaunchScreen.storyboard */,
				012955F429C9247F001E73E7 /* Info.plist */,
			);
			path = Habitual;
			sourceTree = "<group>";
		};
		01B8A23F29C926C200D4B7DF /* View */ = {
			isa = PBXGroup;
			children = (
				01A5550929C92D0100C7772B /* HabitsTableViewController.swift */,
				01FB67E729E4D4A200273706 /* ConfirmHabitViewController.swift */,
				011FD60029DBA456005AE2F2 /* HabitImageCollectionViewCell.swift */,
				011FD5FC29DBA023005AE2F2 /* AddHabitViewController.swift */,
				0173CF8229D4FFE20018BA01 /* HabitTableViewCell.swift */,
				0188D2F229EE0A4E006636E3 /* HabitDetailViewController.swift */,
				011FD60129DBA456005AE2F2 /* HabitImageCollectionViewCell.xib */,
				01FB67E829E4D4A200273706 /* ConfirmHabitViewController.xib */,
				011FD5FD29DBA023005AE2F2 /* AddHabitViewController.xib */,
				0173CF8329D4FFE20018BA01 /* HabitTableViewCell.xib */,
				01A5550A29C92D0100C7772B /* HabitsTableViewController.xib */,
				0188D2F329EE0A4E006636E3 /* HabitDetailViewController.xib */,
			);
			name = View;
			path = ../View;
			sourceTree = "<group>";
		};
/* End PBXGroup section */

/* Begin PBXNativeTarget section */
		012955E229C9247C001E73E7 /* Habitual */ = {
			isa = PBXNativeTarget;
			buildConfigurationList = 012955F729C9247F001E73E7 /* Build configuration list for PBXNativeTarget "Habitual" */;
			buildPhases = (
				012955DF29C9247C001E73E7 /* Sources */,
				012955E029C9247C001E73E7 /* Frameworks */,
				012955E129C9247C001E73E7 /* Resources */,
			);
			buildRules = (
			);
			dependencies = (
			);
			name = Habitual;
			productName = Habitual;
			productReference = 012955E329C9247C001E73E7 /* Habitual.app */;
			productType = "com.apple.product-type.application";
		};
/* End PBXNativeTarget section */

/* Begin PBXProject section */
		012955DB29C9247C001E73E7 /* Project object */ = {
			isa = PBXProject;
			attributes = {
				BuildIndependentTargetsInParallel = 1;
				LastSwiftUpdateCheck = 1420;
				LastUpgradeCheck = 1420;
				TargetAttributes = {
					012955E229C9247C001E73E7 = {
						CreatedOnToolsVersion = 14.2;
					};
				};
			};
			buildConfigurationList = 012955DE29C9247C001E73E7 /* Build configuration list for PBXProject "Habitual" */;
			compatibilityVersion = "Xcode 14.0";
			developmentRegion = en;
			hasScannedForEncodings = 0;
			knownRegions = (
				en,
				Base,
			);
			mainGroup = 012955DA29C9247C001E73E7;
			productRefGroup = 012955E429C9247C001E73E7 /* Products */;
			projectDirPath = "";
			projectRoot = "";
			targets = (
				012955E229C9247C001E73E7 /* Habitual */,
			);
		};
/* End PBXProject section */

/* Begin PBXResourcesBuildPhase section */
		012955E129C9247C001E73E7 /* Resources */ = {
			isa = PBXResourcesBuildPhase;
			buildActionMask = 2147483647;
			files = (
				0188D2F529EE0A4F006636E3 /* HabitDetailViewController.xib in Resources */,
				012955F329C9247F001E73E7 /* LaunchScreen.storyboard in Resources */,
				011FD5FF29DBA023005AE2F2 /* AddHabitViewController.xib in Resources */,
				01FB67EA29E4D4A200273706 /* ConfirmHabitViewController.xib in Resources */,
				01A5550C29C92D0200C7772B /* HabitsTableViewController.xib in Resources */,
				0173CF8529D4FFE20018BA01 /* HabitTableViewCell.xib in Resources */,
				011FD60329DBA456005AE2F2 /* HabitImageCollectionViewCell.xib in Resources */,
				012955F029C9247F001E73E7 /* Assets.xcassets in Resources */,
			);
			runOnlyForDeploymentPostprocessing = 0;
		};
/* End PBXResourcesBuildPhase section */

/* Begin PBXSourcesBuildPhase section */
		012955DF29C9247C001E73E7 /* Sources */ = {
			isa = PBXSourcesBuildPhase;
			buildActionMask = 2147483647;
			files = (
				0188D2F429EE0A4F006636E3 /* HabitDetailViewController.swift in Sources */,
				01A5550B29C92D0200C7772B /* HabitsTableViewController.swift in Sources */,
				01C156D329CBCA5C00AA38F5 /* Habit.swift in Sources */,
				01B8A24129C9275100D4B7DF /* UIViewControllerExtensions.swift in Sources */,
				011FD5F729DB9CE0005AE2F2 /* PersistenceLayer.swift in Sources */,
				012955E729C9247C001E73E7 /* AppDelegate.swift in Sources */,
				012955E929C9247C001E73E7 /* SceneDelegate.swift in Sources */,
				0173CF8429D4FFE20018BA01 /* HabitTableViewCell.swift in Sources */,
				011FD60229DBA456005AE2F2 /* HabitImageCollectionViewCell.swift in Sources */,
				011FD5FE29DBA023005AE2F2 /* AddHabitViewController.swift in Sources */,
				01FB67E929E4D4A200273706 /* ConfirmHabitViewController.swift in Sources */,
				01C156D529CBD29E00AA38F5 /* DateExtensions.swift in Sources */,
			);
			runOnlyForDeploymentPostprocessing = 0;
		};
/* End PBXSourcesBuildPhase section */

/* Begin PBXVariantGroup section */
		012955F129C9247F001E73E7 /* LaunchScreen.storyboard */ = {
			isa = PBXVariantGroup;
			children = (
				012955F229C9247F001E73E7 /* Base */,
			);
			name = LaunchScreen.storyboard;
			sourceTree = "<group>";
		};
/* End PBXVariantGroup section */

/* Begin XCBuildConfiguration section */
		012955F529C9247F001E73E7 /* Debug */ = {
			isa = XCBuildConfiguration;
			buildSettings = {
				ALWAYS_SEARCH_USER_PATHS = NO;
				CLANG_ANALYZER_NONNULL = YES;
				CLANG_ANALYZER_NUMBER_OBJECT_CONVERSION = YES_AGGRESSIVE;
				CLANG_CXX_LANGUAGE_STANDARD = "gnu++20";
				CLANG_ENABLE_MODULES = YES;
				CLANG_ENABLE_OBJC_ARC = YES;
				CLANG_ENABLE_OBJC_WEAK = YES;
				CLANG_WARN_BLOCK_CAPTURE_AUTORELEASING = YES;
				CLANG_WARN_BOOL_CONVERSION = YES;
				CLANG_WARN_COMMA = YES;
				CLANG_WARN_CONSTANT_CONVERSION = YES;
				CLANG_WARN_DEPRECATED_OBJC_IMPLEMENTATIONS = YES;
				CLANG_WARN_DIRECT_OBJC_ISA_USAGE = YES_ERROR;
				CLANG_WARN_DOCUMENTATION_COMMENTS = YES;
				CLANG_WARN_EMPTY_BODY = YES;
				CLANG_WARN_ENUM_CONVERSION = YES;
				CLANG_WARN_INFINITE_RECURSION = YES;
				CLANG_WARN_INT_CONVERSION = YES;
				CLANG_WARN_NON_LITERAL_NULL_CONVERSION = YES;
				CLANG_WARN_OBJC_IMPLICIT_RETAIN_SELF = YES;
				CLANG_WARN_OBJC_LITERAL_CONVERSION = YES;
				CLANG_WARN_OBJC_ROOT_CLASS = YES_ERROR;
				CLANG_WARN_QUOTED_INCLUDE_IN_FRAMEWORK_HEADER = YES;
				CLANG_WARN_RANGE_LOOP_ANALYSIS = YES;
				CLANG_WARN_STRICT_PROTOTYPES = YES;
				CLANG_WARN_SUSPICIOUS_MOVE = YES;
				CLANG_WARN_UNGUARDED_AVAILABILITY = YES_AGGRESSIVE;
				CLANG_WARN_UNREACHABLE_CODE = YES;
				CLANG_WARN__DUPLICATE_METHOD_MATCH = YES;
				COPY_PHASE_STRIP = NO;
				DEBUG_INFORMATION_FORMAT = dwarf;
				ENABLE_STRICT_OBJC_MSGSEND = YES;
				ENABLE_TESTABILITY = YES;
				GCC_C_LANGUAGE_STANDARD = gnu11;
				GCC_DYNAMIC_NO_PIC = NO;
				GCC_NO_COMMON_BLOCKS = YES;
				GCC_OPTIMIZATION_LEVEL = 0;
				GCC_PREPROCESSOR_DEFINITIONS = (
					"DEBUG=1",
					"$(inherited)",
				);
				GCC_WARN_64_TO_32_BIT_CONVERSION = YES;
				GCC_WARN_ABOUT_RETURN_TYPE = YES_ERROR;
				GCC_WARN_UNDECLARED_SELECTOR = YES;
				GCC_WARN_UNINITIALIZED_AUTOS = YES_AGGRESSIVE;
				GCC_WARN_UNUSED_FUNCTION = YES;
				GCC_WARN_UNUSED_VARIABLE = YES;
				IPHONEOS_DEPLOYMENT_TARGET = 16.2;
				MTL_ENABLE_DEBUG_INFO = INCLUDE_SOURCE;
				MTL_FAST_MATH = YES;
				ONLY_ACTIVE_ARCH = YES;
				SDKROOT = iphoneos;
				SWIFT_ACTIVE_COMPILATION_CONDITIONS = DEBUG;
				SWIFT_OPTIMIZATION_LEVEL = "-Onone";
			};
			name = Debug;
		};
		012955F629C9247F001E73E7 /* Release */ = {
			isa = XCBuildConfiguration;
			buildSettings = {
				ALWAYS_SEARCH_USER_PATHS = NO;
				CLANG_ANALYZER_NONNULL = YES;
				CLANG_ANALYZER_NUMBER_OBJECT_CONVERSION = YES_AGGRESSIVE;
				CLANG_CXX_LANGUAGE_STANDARD = "gnu++20";
				CLANG_ENABLE_MODULES = YES;
				CLANG_ENABLE_OBJC_ARC = YES;
				CLANG_ENABLE_OBJC_WEAK = YES;
				CLANG_WARN_BLOCK_CAPTURE_AUTORELEASING = YES;
				CLANG_WARN_BOOL_CONVERSION = YES;
				CLANG_WARN_COMMA = YES;
				CLANG_WARN_CONSTANT_CONVERSION = YES;
				CLANG_WARN_DEPRECATED_OBJC_IMPLEMENTATIONS = YES;
				CLANG_WARN_DIRECT_OBJC_ISA_USAGE = YES_ERROR;
				CLANG_WARN_DOCUMENTATION_COMMENTS = YES;
				CLANG_WARN_EMPTY_BODY = YES;
				CLANG_WARN_ENUM_CONVERSION = YES;
				CLANG_WARN_INFINITE_RECURSION = YES;
				CLANG_WARN_INT_CONVERSION = YES;
				CLANG_WARN_NON_LITERAL_NULL_CONVERSION = YES;
				CLANG_WARN_OBJC_IMPLICIT_RETAIN_SELF = YES;
				CLANG_WARN_OBJC_LITERAL_CONVERSION = YES;
				CLANG_WARN_OBJC_ROOT_CLASS = YES_ERROR;
				CLANG_WARN_QUOTED_INCLUDE_IN_FRAMEWORK_HEADER = YES;
				CLANG_WARN_RANGE_LOOP_ANALYSIS = YES;
				CLANG_WARN_STRICT_PROTOTYPES = YES;
				CLANG_WARN_SUSPICIOUS_MOVE = YES;
				CLANG_WARN_UNGUARDED_AVAILABILITY = YES_AGGRESSIVE;
				CLANG_WARN_UNREACHABLE_CODE = YES;
				CLANG_WARN__DUPLICATE_METHOD_MATCH = YES;
				COPY_PHASE_STRIP = NO;
				DEBUG_INFORMATION_FORMAT = "dwarf-with-dsym";
				ENABLE_NS_ASSERTIONS = NO;
				ENABLE_STRICT_OBJC_MSGSEND = YES;
				GCC_C_LANGUAGE_STANDARD = gnu11;
				GCC_NO_COMMON_BLOCKS = YES;
				GCC_WARN_64_TO_32_BIT_CONVERSION = YES;
				GCC_WARN_ABOUT_RETURN_TYPE = YES_ERROR;
				GCC_WARN_UNDECLARED_SELECTOR = YES;
				GCC_WARN_UNINITIALIZED_AUTOS = YES_AGGRESSIVE;
				GCC_WARN_UNUSED_FUNCTION = YES;
				GCC_WARN_UNUSED_VARIABLE = YES;
				IPHONEOS_DEPLOYMENT_TARGET = 16.2;
				MTL_ENABLE_DEBUG_INFO = NO;
				MTL_FAST_MATH = YES;
				SDKROOT = iphoneos;
				SWIFT_COMPILATION_MODE = wholemodule;
				SWIFT_OPTIMIZATION_LEVEL = "-O";
				VALIDATE_PRODUCT = YES;
			};
			name = Release;
		};
		012955F829C9247F001E73E7 /* Debug */ = {
			isa = XCBuildConfiguration;
			buildSettings = {
				ASSETCATALOG_COMPILER_APPICON_NAME = AppIcon;
				ASSETCATALOG_COMPILER_GLOBAL_ACCENT_COLOR_NAME = AccentColor;
				CODE_SIGN_STYLE = Automatic;
				CURRENT_PROJECT_VERSION = 1;
				DEVELOPMENT_TEAM = 4T9DJUF4Y9;
				GENERATE_INFOPLIST_FILE = YES;
				INFOPLIST_FILE = Habitual/Info.plist;
				INFOPLIST_KEY_UIApplicationSupportsIndirectInputEvents = YES;
				INFOPLIST_KEY_UILaunchStoryboardName = LaunchScreen;
				INFOPLIST_KEY_UISupportedInterfaceOrientations_iPad = "UIInterfaceOrientationPortrait UIInterfaceOrientationPortraitUpsideDown UIInterfaceOrientationLandscapeLeft UIInterfaceOrientationLandscapeRight";
				INFOPLIST_KEY_UISupportedInterfaceOrientations_iPhone = "UIInterfaceOrientationPortrait UIInterfaceOrientationLandscapeLeft UIInterfaceOrientationLandscapeRight";
				LD_RUNPATH_SEARCH_PATHS = (
					"$(inherited)",
					"@executable_path/Frameworks",
				);
				MARKETING_VERSION = 1.0;
				PRODUCT_BUNDLE_IDENTIFIER = "com.super-freq.Habitual";
				PRODUCT_NAME = "$(TARGET_NAME)";
				SWIFT_EMIT_LOC_STRINGS = YES;
				SWIFT_VERSION = 5.0;
				TARGETED_DEVICE_FAMILY = "1,2";
			};
			name = Debug;
		};
		012955F929C9247F001E73E7 /* Release */ = {
			isa = XCBuildConfiguration;
			buildSettings = {
				ASSETCATALOG_COMPILER_APPICON_NAME = AppIcon;
				ASSETCATALOG_COMPILER_GLOBAL_ACCENT_COLOR_NAME = AccentColor;
				CODE_SIGN_STYLE = Automatic;
				CURRENT_PROJECT_VERSION = 1;
				DEVELOPMENT_TEAM = 4T9DJUF4Y9;
				GENERATE_INFOPLIST_FILE = YES;
				INFOPLIST_FILE = Habitual/Info.plist;
				INFOPLIST_KEY_UIApplicationSupportsIndirectInputEvents = YES;
				INFOPLIST_KEY_UILaunchStoryboardName = LaunchScreen;
				INFOPLIST_KEY_UISupportedInterfaceOrientations_iPad = "UIInterfaceOrientationPortrait UIInterfaceOrientationPortraitUpsideDown UIInterfaceOrientationLandscapeLeft UIInterfaceOrientationLandscapeRight";
				INFOPLIST_KEY_UISupportedInterfaceOrientations_iPhone = "UIInterfaceOrientationPortrait UIInterfaceOrientationLandscapeLeft UIInterfaceOrientationLandscapeRight";
				LD_RUNPATH_SEARCH_PATHS = (
					"$(inherited)",
					"@executable_path/Frameworks",
				);
				MARKETING_VERSION = 1.0;
				PRODUCT_BUNDLE_IDENTIFIER = "com.super-freq.Habitual";
				PRODUCT_NAME = "$(TARGET_NAME)";
				SWIFT_EMIT_LOC_STRINGS = YES;
				SWIFT_VERSION = 5.0;
				TARGETED_DEVICE_FAMILY = "1,2";
			};
			name = Release;
		};
/* End XCBuildConfiguration section */

/* Begin XCConfigurationList section */
		012955DE29C9247C001E73E7 /* Build configuration list for PBXProject "Habitual" */ = {
			isa = XCConfigurationList;
			buildConfigurations = (
				012955F529C9247F001E73E7 /* Debug */,
				012955F629C9247F001E73E7 /* Release */,
			);
			defaultConfigurationIsVisible = 0;
			defaultConfigurationName = Release;
		};
		012955F729C9247F001E73E7 /* Build configuration list for PBXNativeTarget "Habitual" */ = {
			isa = XCConfigurationList;
			buildConfigurations = (
				012955F829C9247F001E73E7 /* Debug */,
				012955F929C9247F001E73E7 /* Release */,
			);
			defaultConfigurationIsVisible = 0;
			defaultConfigurationName = Release;
		};
/* End XCConfigurationList section */
	};
	rootObject = 012955DB29C9247C001E73E7 /* Project object */;
}
